{
    "version": 3,
    "terraform_version": "0.11.14",
    "serial": 18,
    "lineage": "51dbe23c-12e0-d950-7edb-c85008e220f2",
    "modules": [
        {
            "path": [
                "root"
            ],
            "outputs": {
                "client_certificate": {
                    "sensitive": false,
                    "type": "string",
                    "value": ""
                },
                "client_key": {
                    "sensitive": false,
                    "type": "string",
                    "value": ""
                },
                "cluster_ca_certificate": {
                    "sensitive": false,
                    "type": "string",
                    "value": "LS0tLS1CRUdJTiBDRVJUSUZJQ0FURS0tLS0tCk1JSURDekNDQWZPZ0F3SUJBZ0lRSEsyb3NlQ1oyeUY2cGFNbWNTa1I0akFOQmdrcWhraUc5dzBCQVFzRkFEQXYKTVMwd0t3WURWUVFERXlSaE1EWmlNelJsTXkxbU1UUTBMVFJoT0dFdE9HWmlaUzB6WldZMk9EQXdOamMyWkdFdwpIaGNOTVRrd05USTRNRGt4TVRBeVdoY05NalF3TlRJMk1UQXhNVEF5V2pBdk1TMHdLd1lEVlFRREV5UmhNRFppCk16UmxNeTFtTVRRMExUUmhPR0V0T0daaVpTMHpaV1kyT0RBd05qYzJaR0V3Z2dFaU1BMEdDU3FHU0liM0RRRUIKQVFVQUE0SUJEd0F3Z2dFS0FvSUJBUURWRmRKbEJBOGJVdGorZk5RZ3p0cXNheWcvVm9ESTdCVytQOWRaUjlCRgpNclJnVWRUOXFXSXJtMXpSVXdoZkVhSVJHN2hLSy9vcTZjbEZPVkpGQjlKR1Z1MUo0M0FLd1U3eDErTW5ZSS9vCjNTNUZNcE03WjFwWlI2d1ZvTnJ2V25iejV1SmY3Zk1TRCtpMjg5UXlXaVhFa0NkUGdUa0poNVBEK05CM3JQdksKUGN5Sm9JSHU2ZlhjSVNVVFFSeG05ZVEwUnNIZEtIcWVVMjJKckZWT0dGRmtSa1JwNkJhZitLNVNjRmlldmlvNQpPUis2QnpTV25yelowSmhCN0hoZWdsWmltT2pPVGZYRTE5dVVlUG9oS1o2Yi9rWVZYMHVHVDUzRm5TRlhoZ3ovClR0Um9mMGJBWS9oWmorTFBhUGhuQTc2eTdNdWM4THlXZWc2WXBRZ1FDZXhsQWdNQkFBR2pJekFoTUE0R0ExVWQKRHdFQi93UUVBd0lDQkRBUEJnTlZIUk1CQWY4RUJUQURBUUgvTUEwR0NTcUdTSWIzRFFFQkN3VUFBNElCQVFERgplSFB5SDlJUVN5VDFNWnFYNVJFVDF0YWNxTDlISVByQjVEdEhLdU5zcGM3NmhwcVk5MGcySWJnTkdWeHBkb2dFCm9IenR5QjNmd05wSjBKdkwrd1NoM0tFSGpheUtPdmE0cnJVUktaTHhXcjZ2cnNGcHM4QXBBYXVuei80N2tsZjkKcG5aM2ZhY2JVaW5kRDlKeFNDbm5HcUYyQlA0VldXLzFIYW90dmVycGpwMlNDSnhWUlRLa2pCOHBra1FZcnRNaApsamF2R2NnLzg1eTRHeWEyZ05zRGZvRklXL0lSN1ZmNElmalZsb0JadTdrOHJCSUxKd1VaS1FRMzFhdThUeVdBCkpJVFZNbEpjbnI2Ri9zaDhLcXVkOGZOWWRGalExT2hzb3BwR3F3R1dhZWJ6MlhyU0FzSWN0aVZrVHVPTnhoYlQKREFOUXI3RWd5VnZsaWF5YW12YWEKLS0tLS1FTkQgQ0VSVElGSUNBVEUtLS0tLQo="
                }
            },
            "resources": {
                "google_compute_firewall.firewall": {
                    "type": "google_compute_firewall",
                    "depends_on": [
                        "google_compute_network.network"
                    ],
                    "primary": {
                        "id": "test-firewall",
                        "attributes": {
                            "allow.#": "1",
                            "allow.186047796.ports.#": "2",
                            "allow.186047796.ports.0": "80",
                            "allow.186047796.ports.1": "22",
                            "allow.186047796.protocol": "tcp",
                            "creation_timestamp": "2019-05-28T01:12:36.440-07:00",
                            "deny.#": "0",
                            "description": "",
                            "destination_ranges.#": "0",
                            "direction": "INGRESS",
                            "disabled": "false",
                            "id": "test-firewall",
                            "name": "test-firewall",
                            "network": "https://www.googleapis.com/compute/v1/projects/river-portfolio-241907/global/networks/networktest",
                            "priority": "1000",
                            "project": "river-portfolio-241907",
                            "self_link": "https://www.googleapis.com/compute/v1/projects/river-portfolio-241907/global/firewalls/test-firewall",
                            "source_ranges.#": "1",
                            "source_ranges.1080289494": "0.0.0.0/0",
                            "source_service_accounts.#": "0",
                            "source_tags.#": "0",
                            "target_service_accounts.#": "0",
                            "target_tags.#": "0"
                        },
                        "meta": {
                            "e2bfb730-ecaa-11e6-8f88-34363bc7c4c0": {
                                "create": 240000000000,
                                "delete": 240000000000,
                                "update": 240000000000
                            },
                            "schema_version": "1"
                        },
                        "tainted": false
                    },
                    "deposed": [],
                    "provider": "provider.google"
                },
                "google_compute_firewall.firewallkube": {
                    "type": "google_compute_firewall",
                    "depends_on": [
                        "google_compute_network.network"
                    ],
                    "primary": {
                        "id": "firewallkube",
                        "attributes": {
                            "allow.#": "1",
                            "allow.680193008.ports.#": "1",
                            "allow.680193008.ports.0": "443",
                            "allow.680193008.protocol": "tcp",
                            "creation_timestamp": "2019-05-28T02:00:24.473-07:00",
                            "deny.#": "0",
                            "description": "",
                            "destination_ranges.#": "0",
                            "direction": "INGRESS",
                            "disabled": "false",
                            "id": "firewallkube",
                            "name": "firewallkube",
                            "network": "https://www.googleapis.com/compute/v1/projects/river-portfolio-241907/global/networks/networktest",
                            "priority": "1000",
                            "project": "river-portfolio-241907",
                            "self_link": "https://www.googleapis.com/compute/v1/projects/river-portfolio-241907/global/firewalls/firewallkube",
                            "source_ranges.#": "1",
                            "source_ranges.1080289494": "0.0.0.0/0",
                            "source_service_accounts.#": "0",
                            "source_tags.#": "0",
                            "target_service_accounts.#": "0",
                            "target_tags.#": "0"
                        },
                        "meta": {
                            "e2bfb730-ecaa-11e6-8f88-34363bc7c4c0": {
                                "create": 240000000000,
                                "delete": 240000000000,
                                "update": 240000000000
                            },
                            "schema_version": "1"
                        },
                        "tainted": false
                    },
                    "deposed": [],
                    "provider": "provider.google"
                },
                "google_compute_instance.vm1": {
                    "type": "google_compute_instance",
                    "depends_on": [
                        "google_compute_network.network",
                        "google_compute_subnetwork.subnet1"
                    ],
                    "primary": {
                        "id": "testvm",
                        "attributes": {
                            "attached_disk.#": "0",
                            "boot_disk.#": "1",
                            "boot_disk.0.auto_delete": "true",
                            "boot_disk.0.device_name": "persistent-disk-0",
                            "boot_disk.0.disk_encryption_key_raw": "",
                            "boot_disk.0.disk_encryption_key_sha256": "",
                            "boot_disk.0.initialize_params.#": "1",
                            "boot_disk.0.initialize_params.0.image": "https://www.googleapis.com/compute/v1/projects/centos-cloud/global/images/centos-7-v20190515",
                            "boot_disk.0.initialize_params.0.size": "10",
                            "boot_disk.0.initialize_params.0.type": "pd-standard",
                            "boot_disk.0.kms_key_self_link": "",
                            "boot_disk.0.source": "https://www.googleapis.com/compute/v1/projects/river-portfolio-241907/zones/europe-west1-b/disks/testvm",
                            "can_ip_forward": "false",
                            "cpu_platform": "Intel Haswell",
                            "deletion_protection": "false",
                            "guest_accelerator.#": "0",
                            "hostname": "",
                            "id": "testvm",
                            "instance_id": "7968145890911277929",
                            "label_fingerprint": "42WmSpB8rSM=",
                            "labels.%": "0",
                            "machine_type": "n1-standard-1",
                            "metadata.%": "1",
                            "metadata.sshKeys": "user02:ssh-rsa AAAAB3NzaC1yc2EAAAADAQABAAABAQDZk1N6ylUsgBWsEqKs2OvTegOe49Sj0dVrKZkKdVSEKK5Gr7OMA9RQkhVdukfgm2rrEtZc+aH8KJQdAsRuPB19Vvji4kBV6Dz/u2J91py8+1ZdtkIVgadXMuM55DHHPzmRtm5+fiRCwzsg8Hnjb0s+7EmeXRbunITTGb9mYpGzlm8NgY1JvPB01qNRinGAcen3KBwTala9u2LwtPL8oTmnZWG0Dypj7cOfKm5VMVs2Rg8h+L8gOy0pHtNm2kdXsTjyqYGlwtOqfNH/27An1bO4sghEZEsGKBK2oG3NGl9wT7S6GhyBrGJ/4ueoFgflYwnpPpb2qLdukXOynDWk63hr user02@linux-6.home\n",
                            "metadata_fingerprint": "XI5GNkDU2nM=",
                            "metadata_startup_script": "echo hi \u003e /test.txt",
                            "min_cpu_platform": "",
                            "name": "testvm",
                            "network_interface.#": "1",
                            "network_interface.0.access_config.#": "1",
                            "network_interface.0.access_config.0.assigned_nat_ip": "",
                            "network_interface.0.access_config.0.nat_ip": "35.240.92.77",
                            "network_interface.0.access_config.0.network_tier": "PREMIUM",
                            "network_interface.0.access_config.0.public_ptr_domain_name": "",
                            "network_interface.0.address": "",
                            "network_interface.0.alias_ip_range.#": "0",
                            "network_interface.0.name": "nic0",
                            "network_interface.0.network": "https://www.googleapis.com/compute/v1/projects/river-portfolio-241907/global/networks/networktest",
                            "network_interface.0.network_ip": "10.2.0.2",
                            "network_interface.0.subnetwork": "https://www.googleapis.com/compute/v1/projects/river-portfolio-241907/regions/europe-west1/subnetworks/subnet1",
                            "network_interface.0.subnetwork_project": "river-portfolio-241907",
                            "project": "river-portfolio-241907",
                            "scheduling.#": "1",
                            "scheduling.0.automatic_restart": "true",
                            "scheduling.0.node_affinities.#": "0",
                            "scheduling.0.on_host_maintenance": "MIGRATE",
                            "scheduling.0.preemptible": "false",
                            "scratch_disk.#": "1",
                            "scratch_disk.0.interface": "SCSI",
                            "self_link": "https://www.googleapis.com/compute/v1/projects/river-portfolio-241907/zones/europe-west1-b/instances/testvm",
                            "service_account.#": "1",
                            "service_account.0.email": "1044568936269-compute@developer.gserviceaccount.com",
                            "service_account.0.scopes.#": "3",
                            "service_account.0.scopes.1632638332": "https://www.googleapis.com/auth/devstorage.read_only",
                            "service_account.0.scopes.2428168921": "https://www.googleapis.com/auth/userinfo.email",
                            "service_account.0.scopes.2862113455": "https://www.googleapis.com/auth/compute.readonly",
                            "shielded_instance_config.#": "0",
                            "tags.#": "2",
                            "tags.1996459178": "bar",
                            "tags.2356372769": "foo",
                            "tags_fingerprint": "1gqCRgrww4E=",
                            "zone": "europe-west1-b"
                        },
                        "meta": {
                            "e2bfb730-ecaa-11e6-8f88-34363bc7c4c0": {
                                "create": 360000000000,
                                "delete": 360000000000,
                                "update": 360000000000
                            },
                            "schema_version": "6"
                        },
                        "tainted": false
                    },
                    "deposed": [],
                    "provider": "provider.google"
                },
                "google_compute_instance_group.test": {
                    "type": "google_compute_instance_group",
                    "depends_on": [
                        "google_compute_network.network"
                    ],
                    "primary": {
                        "id": "europe-west1-b/river-portfolio-241907",
                        "attributes": {
                            "description": "groupe test",
                            "id": "europe-west1-b/river-portfolio-241907",
                            "instances.#": "0",
                            "name": "river-portfolio-241907",
                            "named_port.#": "0",
                            "network": "https://www.googleapis.com/compute/v1/projects/river-portfolio-241907/global/networks/networktest",
                            "project": "river-portfolio-241907",
                            "self_link": "https://www.googleapis.com/compute/v1/projects/river-portfolio-241907/zones/europe-west1-b/instanceGroups/river-portfolio-241907",
                            "size": "0",
                            "zone": "europe-west1-b"
                        },
                        "meta": {
                            "schema_version": "2"
                        },
                        "tainted": false
                    },
                    "deposed": [],
                    "provider": "provider.google"
                },
                "google_compute_network.network": {
                    "type": "google_compute_network",
                    "depends_on": [],
                    "primary": {
                        "id": "networktest",
                        "attributes": {
                            "auto_create_subnetworks": "false",
                            "delete_default_routes_on_create": "false",
                            "description": "",
                            "gateway_ipv4": "",
                            "id": "networktest",
                            "ipv4_range": "",
                            "name": "networktest",
                            "project": "river-portfolio-241907",
                            "routing_mode": "REGIONAL",
                            "self_link": "https://www.googleapis.com/compute/v1/projects/river-portfolio-241907/global/networks/networktest"
                        },
                        "meta": {
                            "e2bfb730-ecaa-11e6-8f88-34363bc7c4c0": {
                                "create": 240000000000,
                                "delete": 240000000000,
                                "update": 240000000000
                            }
                        },
                        "tainted": false
                    },
                    "deposed": [],
                    "provider": "provider.google"
                },
                "google_compute_subnetwork.subnet1": {
                    "type": "google_compute_subnetwork",
                    "depends_on": [
                        "google_compute_network.network"
                    ],
                    "primary": {
                        "id": "europe-west1/subnet1",
                        "attributes": {
                            "creation_timestamp": "2019-05-28T01:12:36.577-07:00",
                            "description": "",
                            "enable_flow_logs": "false",
                            "fingerprint": "tbwgToJTnAs=",
                            "gateway_address": "10.2.0.1",
                            "id": "europe-west1/subnet1",
                            "ip_cidr_range": "10.2.0.0/16",
                            "name": "subnet1",
                            "network": "https://www.googleapis.com/compute/v1/projects/river-portfolio-241907/global/networks/networktest",
                            "private_ip_google_access": "false",
                            "project": "river-portfolio-241907",
                            "region": "europe-west1",
                            "secondary_ip_range.#": "0",
                            "self_link": "https://www.googleapis.com/compute/v1/projects/river-portfolio-241907/regions/europe-west1/subnetworks/subnet1"
                        },
                        "meta": {
                            "e2bfb730-ecaa-11e6-8f88-34363bc7c4c0": {
                                "create": 360000000000,
                                "delete": 360000000000,
                                "update": 360000000000
                            }
                        },
                        "tainted": false
                    },
                    "deposed": [],
                    "provider": "provider.google"
                },
                "google_compute_subnetwork.subnet2": {
                    "type": "google_compute_subnetwork",
                    "depends_on": [
                        "google_compute_network.network"
                    ],
                    "primary": {
                        "id": "europe-west1/subnet2",
                        "attributes": {
                            "creation_timestamp": "2019-05-28T01:12:37.031-07:00",
                            "description": "",
                            "enable_flow_logs": "false",
                            "fingerprint": "rS7oXlrY3Wc=",
                            "gateway_address": "10.3.0.1",
                            "id": "europe-west1/subnet2",
                            "ip_cidr_range": "10.3.0.0/16",
                            "name": "subnet2",
                            "network": "https://www.googleapis.com/compute/v1/projects/river-portfolio-241907/global/networks/networktest",
                            "private_ip_google_access": "false",
                            "project": "river-portfolio-241907",
                            "region": "europe-west1",
                            "secondary_ip_range.#": "1",
                            "secondary_ip_range.0.ip_cidr_range": "192.168.10.0/24",
                            "secondary_ip_range.0.range_name": "tf-test-secondary-range-update1",
                            "self_link": "https://www.googleapis.com/compute/v1/projects/river-portfolio-241907/regions/europe-west1/subnetworks/subnet2"
                        },
                        "meta": {
                            "e2bfb730-ecaa-11e6-8f88-34363bc7c4c0": {
                                "create": 360000000000,
                                "delete": 360000000000,
                                "update": 360000000000
                            }
                        },
                        "tainted": false
                    },
                    "deposed": [],
                    "provider": "provider.google"
                },
                "google_container_cluster.primary": {
                    "type": "google_container_cluster",
                    "depends_on": [
                        "google_compute_network.network",
                        "google_compute_subnetwork.subnet2"
                    ],
                    "primary": {
                        "id": "mycluster",
                        "attributes": {
                            "additional_zones.#": "0",
                            "addons_config.#": "1",
                            "addons_config.0.horizontal_pod_autoscaling.#": "0",
                            "addons_config.0.http_load_balancing.#": "0",
                            "addons_config.0.kubernetes_dashboard.#": "1",
                            "addons_config.0.kubernetes_dashboard.0.disabled": "true",
                            "addons_config.0.network_policy_config.#": "1",
                            "addons_config.0.network_policy_config.0.disabled": "true",
                            "cluster_autoscaling.#": "0",
                            "cluster_ipv4_cidr": "10.24.0.0/14",
                            "description": "",
                            "enable_kubernetes_alpha": "false",
                            "enable_legacy_abac": "false",
                            "endpoint": "10.4.0.2",
                            "id": "mycluster",
                            "initial_node_count": "1",
                            "instance_group_urls.#": "0",
                            "ip_allocation_policy.#": "1",
                            "ip_allocation_policy.0.cluster_ipv4_cidr_block": "10.24.0.0/14",
                            "ip_allocation_policy.0.cluster_secondary_range_name": "gke-mycluster-pods-63aa4f47",
                            "ip_allocation_policy.0.create_subnetwork": "false",
                            "ip_allocation_policy.0.node_ipv4_cidr_block": "10.3.0.0/16",
                            "ip_allocation_policy.0.services_ipv4_cidr_block": "10.216.0.0/20",
                            "ip_allocation_policy.0.services_secondary_range_name": "gke-mycluster-services-63aa4f47",
                            "ip_allocation_policy.0.subnetwork_name": "",
                            "ip_allocation_policy.0.use_ip_aliases": "true",
                            "location": "europe-west1-b",
                            "logging_service": "logging.googleapis.com",
                            "maintenance_policy.#": "0",
                            "master_auth.#": "1",
                            "master_auth.0.client_certificate": "",
                            "master_auth.0.client_certificate_config.#": "1",
                            "master_auth.0.client_certificate_config.0.issue_client_certificate": "false",
                            "master_auth.0.client_key": "",
                            "master_auth.0.cluster_ca_certificate": "LS0tLS1CRUdJTiBDRVJUSUZJQ0FURS0tLS0tCk1JSURDekNDQWZPZ0F3SUJBZ0lRSEsyb3NlQ1oyeUY2cGFNbWNTa1I0akFOQmdrcWhraUc5dzBCQVFzRkFEQXYKTVMwd0t3WURWUVFERXlSaE1EWmlNelJsTXkxbU1UUTBMVFJoT0dFdE9HWmlaUzB6WldZMk9EQXdOamMyWkdFdwpIaGNOTVRrd05USTRNRGt4TVRBeVdoY05NalF3TlRJMk1UQXhNVEF5V2pBdk1TMHdLd1lEVlFRREV5UmhNRFppCk16UmxNeTFtTVRRMExUUmhPR0V0T0daaVpTMHpaV1kyT0RBd05qYzJaR0V3Z2dFaU1BMEdDU3FHU0liM0RRRUIKQVFVQUE0SUJEd0F3Z2dFS0FvSUJBUURWRmRKbEJBOGJVdGorZk5RZ3p0cXNheWcvVm9ESTdCVytQOWRaUjlCRgpNclJnVWRUOXFXSXJtMXpSVXdoZkVhSVJHN2hLSy9vcTZjbEZPVkpGQjlKR1Z1MUo0M0FLd1U3eDErTW5ZSS9vCjNTNUZNcE03WjFwWlI2d1ZvTnJ2V25iejV1SmY3Zk1TRCtpMjg5UXlXaVhFa0NkUGdUa0poNVBEK05CM3JQdksKUGN5Sm9JSHU2ZlhjSVNVVFFSeG05ZVEwUnNIZEtIcWVVMjJKckZWT0dGRmtSa1JwNkJhZitLNVNjRmlldmlvNQpPUis2QnpTV25yelowSmhCN0hoZWdsWmltT2pPVGZYRTE5dVVlUG9oS1o2Yi9rWVZYMHVHVDUzRm5TRlhoZ3ovClR0Um9mMGJBWS9oWmorTFBhUGhuQTc2eTdNdWM4THlXZWc2WXBRZ1FDZXhsQWdNQkFBR2pJekFoTUE0R0ExVWQKRHdFQi93UUVBd0lDQkRBUEJnTlZIUk1CQWY4RUJUQURBUUgvTUEwR0NTcUdTSWIzRFFFQkN3VUFBNElCQVFERgplSFB5SDlJUVN5VDFNWnFYNVJFVDF0YWNxTDlISVByQjVEdEhLdU5zcGM3NmhwcVk5MGcySWJnTkdWeHBkb2dFCm9IenR5QjNmd05wSjBKdkwrd1NoM0tFSGpheUtPdmE0cnJVUktaTHhXcjZ2cnNGcHM4QXBBYXVuei80N2tsZjkKcG5aM2ZhY2JVaW5kRDlKeFNDbm5HcUYyQlA0VldXLzFIYW90dmVycGpwMlNDSnhWUlRLa2pCOHBra1FZcnRNaApsamF2R2NnLzg1eTRHeWEyZ05zRGZvRklXL0lSN1ZmNElmalZsb0JadTdrOHJCSUxKd1VaS1FRMzFhdThUeVdBCkpJVFZNbEpjbnI2Ri9zaDhLcXVkOGZOWWRGalExT2hzb3BwR3F3R1dhZWJ6MlhyU0FzSWN0aVZrVHVPTnhoYlQKREFOUXI3RWd5VnZsaWF5YW12YWEKLS0tLS1FTkQgQ0VSVElGSUNBVEUtLS0tLQo=",
                            "master_auth.0.password": "",
                            "master_auth.0.username": "",
                            "master_authorized_networks_config.#": "1",
                            "master_authorized_networks_config.0.cidr_blocks.#": "2",
                            "master_authorized_networks_config.0.cidr_blocks.2536692014.cidr_block": "10.3.0.0/16",
                            "master_authorized_networks_config.0.cidr_blocks.2536692014.display_name": "net2",
                            "master_authorized_networks_config.0.cidr_blocks.3532886444.cidr_block": "10.2.0.0/16",
                            "master_authorized_networks_config.0.cidr_blocks.3532886444.display_name": "net1",
                            "master_version": "1.12.7-gke.10",
                            "monitoring_service": "monitoring.googleapis.com",
                            "name": "mycluster",
                            "network": "projects/river-portfolio-241907/global/networks/networktest",
                            "network_policy.#": "1",
                            "network_policy.0.enabled": "false",
                            "network_policy.0.provider": "PROVIDER_UNSPECIFIED",
                            "node_config.#": "0",
                            "node_locations.#": "0",
                            "node_pool.#": "0",
                            "node_version": "1.12.7-gke.10",
                            "private_cluster_config.#": "1",
                            "private_cluster_config.0.enable_private_endpoint": "true",
                            "private_cluster_config.0.enable_private_nodes": "true",
                            "private_cluster_config.0.master_ipv4_cidr_block": "10.4.0.0/28",
                            "private_cluster_config.0.private_endpoint": "10.4.0.2",
                            "private_cluster_config.0.public_endpoint": "35.195.133.161",
                            "project": "river-portfolio-241907",
                            "remove_default_node_pool": "true",
                            "resource_labels.%": "0",
                            "subnetwork": "projects/river-portfolio-241907/regions/europe-west1/subnetworks/subnet2",
                            "zone": "europe-west1-b"
                        },
                        "meta": {
                            "e2bfb730-ecaa-11e6-8f88-34363bc7c4c0": {
                                "create": 1800000000000,
                                "delete": 1800000000000,
                                "update": 1800000000000
                            },
                            "schema_version": "1"
                        },
                        "tainted": false
                    },
                    "deposed": [],
                    "provider": "provider.google"
                },
                "google_container_node_pool.primary_preemptible_nodes1": {
                    "type": "google_container_node_pool",
                    "depends_on": [
                        "google_container_cluster.primary"
                    ],
                    "primary": {
                        "id": "europe-west1-b/mycluster/mynode-1",
                        "attributes": {
                            "cluster": "mycluster",
                            "id": "europe-west1-b/mycluster/mynode-1",
                            "initial_node_count": "1",
                            "instance_group_urls.#": "1",
                            "instance_group_urls.0": "https://www.googleapis.com/compute/v1/projects/river-portfolio-241907/zones/europe-west1-b/instanceGroupManagers/gke-mycluster-mynode-1-ab8b1c92-grp",
                            "location": "europe-west1-b",
                            "management.#": "1",
                            "management.0.auto_repair": "false",
                            "management.0.auto_upgrade": "false",
                            "name": "mynode-1",
                            "name_prefix": "",
                            "node_config.#": "1",
                            "node_config.0.disk_size_gb": "100",
                            "node_config.0.disk_type": "pd-standard",
                            "node_config.0.guest_accelerator.#": "0",
                            "node_config.0.image_type": "COS",
                            "node_config.0.labels.%": "0",
                            "node_config.0.local_ssd_count": "0",
                            "node_config.0.machine_type": "n1-standard-1",
                            "node_config.0.metadata.%": "2",
                            "node_config.0.metadata.disable-legacy-endpoints": "true",
                            "node_config.0.metadata.name": "stateles",
                            "node_config.0.min_cpu_platform": "",
                            "node_config.0.oauth_scopes.#": "2",
                            "node_config.0.oauth_scopes.1277378754": "https://www.googleapis.com/auth/monitoring",
                            "node_config.0.oauth_scopes.172152165": "https://www.googleapis.com/auth/logging.write",
                            "node_config.0.preemptible": "true",
                            "node_config.0.service_account": "default",
                            "node_config.0.tags.#": "0",
                            "node_config.0.taint.#": "0",
                            "node_config.0.workload_metadata_config.#": "0",
                            "node_count": "1",
                            "project": "river-portfolio-241907",
                            "version": "1.12.7-gke.10",
                            "zone": "europe-west1-b"
                        },
                        "meta": {
                            "e2bfb730-ecaa-11e6-8f88-34363bc7c4c0": {
                                "create": 1800000000000,
                                "delete": 600000000000,
                                "update": 600000000000
                            },
                            "schema_version": "1"
                        },
                        "tainted": false
                    },
                    "deposed": [],
                    "provider": "provider.google"
                },
                "google_container_node_pool.primary_preemptible_nodes2": {
                    "type": "google_container_node_pool",
                    "depends_on": [
                        "google_container_cluster.primary"
                    ],
                    "primary": {
                        "id": "europe-west1-b/mycluster/mynode-2",
                        "attributes": {
                            "cluster": "mycluster",
                            "id": "europe-west1-b/mycluster/mynode-2",
                            "initial_node_count": "1",
                            "instance_group_urls.#": "1",
                            "instance_group_urls.0": "https://www.googleapis.com/compute/v1/projects/river-portfolio-241907/zones/europe-west1-b/instanceGroupManagers/gke-mycluster-mynode-2-825aed38-grp",
                            "location": "europe-west1-b",
                            "management.#": "1",
                            "management.0.auto_repair": "false",
                            "management.0.auto_upgrade": "false",
                            "name": "mynode-2",
                            "name_prefix": "",
                            "node_config.#": "1",
                            "node_config.0.disk_size_gb": "100",
                            "node_config.0.disk_type": "pd-standard",
                            "node_config.0.guest_accelerator.#": "0",
                            "node_config.0.image_type": "COS",
                            "node_config.0.labels.%": "0",
                            "node_config.0.local_ssd_count": "0",
                            "node_config.0.machine_type": "n1-standard-1",
                            "node_config.0.metadata.%": "2",
                            "node_config.0.metadata.disable-legacy-endpoints": "true",
                            "node_config.0.metadata.name": "statefull",
                            "node_config.0.min_cpu_platform": "",
                            "node_config.0.oauth_scopes.#": "2",
                            "node_config.0.oauth_scopes.1277378754": "https://www.googleapis.com/auth/monitoring",
                            "node_config.0.oauth_scopes.172152165": "https://www.googleapis.com/auth/logging.write",
                            "node_config.0.preemptible": "true",
                            "node_config.0.service_account": "default",
                            "node_config.0.tags.#": "0",
                            "node_config.0.taint.#": "0",
                            "node_config.0.workload_metadata_config.#": "0",
                            "node_count": "1",
                            "project": "river-portfolio-241907",
                            "version": "1.12.7-gke.10",
                            "zone": "europe-west1-b"
                        },
                        "meta": {
                            "e2bfb730-ecaa-11e6-8f88-34363bc7c4c0": {
                                "create": 1800000000000,
                                "delete": 600000000000,
                                "update": 600000000000
                            },
                            "schema_version": "1"
                        },
                        "tainted": false
                    },
                    "deposed": [],
                    "provider": "provider.google"
                }
            },
            "depends_on": []
        }
    ]
}
