{
    "version": 3,
    "terraform_version": "0.11.14",
    "serial": 38,
    "lineage": "e32b07fe-249c-60ef-fdc7-88e988ff58c1",
    "modules": [
        {
            "path": [
                "root"
            ],
            "outputs": {},
            "resources": {
                "azurerm_public_ip.ipp.0": {
                    "type": "azurerm_public_ip",
                    "depends_on": [
                        "data.azurerm_resource_group.main1"
                    ],
                    "primary": {
                        "id": "/subscriptions/556a0c5a-db12-4235-9bfa-a81b7f67b4d9/resourceGroups/tp3/providers/Microsoft.Network/publicIPAddresses/acceptanceTestPublicG1-0",
                        "attributes": {
                            "allocation_method": "Dynamic",
                            "id": "/subscriptions/556a0c5a-db12-4235-9bfa-a81b7f67b4d9/resourceGroups/tp3/providers/Microsoft.Network/publicIPAddresses/acceptanceTestPublicG1-0",
                            "idle_timeout_in_minutes": "4",
                            "ip_address": "",
                            "ip_version": "IPv4",
                            "location": "westus",
                            "name": "acceptanceTestPublicG1-0",
                            "public_ip_address_allocation": "Dynamic",
                            "resource_group_name": "tp3",
                            "sku": "Basic",
                            "tags.%": "1",
                            "tags.environment": "Production",
                            "zones.#": "0"
                        },
                        "meta": {},
                        "tainted": false
                    },
                    "deposed": [],
                    "provider": "provider.azurerm"
                },
                "azurerm_public_ip.ipp.1": {
                    "type": "azurerm_public_ip",
                    "depends_on": [
                        "data.azurerm_resource_group.main1"
                    ],
                    "primary": {
                        "id": "/subscriptions/556a0c5a-db12-4235-9bfa-a81b7f67b4d9/resourceGroups/tp3/providers/Microsoft.Network/publicIPAddresses/acceptanceTestPublicG1-1",
                        "attributes": {
                            "allocation_method": "Dynamic",
                            "id": "/subscriptions/556a0c5a-db12-4235-9bfa-a81b7f67b4d9/resourceGroups/tp3/providers/Microsoft.Network/publicIPAddresses/acceptanceTestPublicG1-1",
                            "idle_timeout_in_minutes": "4",
                            "ip_address": "",
                            "ip_version": "IPv4",
                            "location": "westus",
                            "name": "acceptanceTestPublicG1-1",
                            "public_ip_address_allocation": "Dynamic",
                            "resource_group_name": "tp3",
                            "sku": "Basic",
                            "tags.%": "1",
                            "tags.environment": "Production",
                            "zones.#": "0"
                        },
                        "meta": {},
                        "tainted": false
                    },
                    "deposed": [],
                    "provider": "provider.azurerm"
                },
                "azurerm_public_ip.ipp.2": {
                    "type": "azurerm_public_ip",
                    "depends_on": [
                        "data.azurerm_resource_group.main1"
                    ],
                    "primary": {
                        "id": "/subscriptions/556a0c5a-db12-4235-9bfa-a81b7f67b4d9/resourceGroups/tp3/providers/Microsoft.Network/publicIPAddresses/acceptanceTestPublicG1-2",
                        "attributes": {
                            "allocation_method": "Dynamic",
                            "id": "/subscriptions/556a0c5a-db12-4235-9bfa-a81b7f67b4d9/resourceGroups/tp3/providers/Microsoft.Network/publicIPAddresses/acceptanceTestPublicG1-2",
                            "idle_timeout_in_minutes": "4",
                            "ip_address": "",
                            "ip_version": "IPv4",
                            "location": "westus",
                            "name": "acceptanceTestPublicG1-2",
                            "public_ip_address_allocation": "Dynamic",
                            "resource_group_name": "tp3",
                            "sku": "Basic",
                            "tags.%": "1",
                            "tags.environment": "Production",
                            "zones.#": "0"
                        },
                        "meta": {},
                        "tainted": false
                    },
                    "deposed": [],
                    "provider": "provider.azurerm"
                },
                "azurerm_resource_group.main1": {
                    "type": "azurerm_resource_group",
                    "depends_on": [],
                    "primary": {
                        "id": "/subscriptions/556a0c5a-db12-4235-9bfa-a81b7f67b4d9/resourceGroups/tp3",
                        "attributes": {
                            "id": "/subscriptions/556a0c5a-db12-4235-9bfa-a81b7f67b4d9/resourceGroups/tp3",
                            "location": "westus",
                            "name": "tp3",
                            "tags.%": "0"
                        },
                        "meta": {},
                        "tainted": false
                    },
                    "deposed": [],
                    "provider": "provider.azurerm"
                },
                "data.azurerm_resource_group.main1": {
                    "type": "azurerm_resource_group",
                    "depends_on": [],
                    "primary": {
                        "id": "/subscriptions/556a0c5a-db12-4235-9bfa-a81b7f67b4d9/resourceGroups/tp3",
                        "attributes": {
                            "id": "/subscriptions/556a0c5a-db12-4235-9bfa-a81b7f67b4d9/resourceGroups/tp3",
                            "location": "westus",
                            "name": "tp3",
                            "tags.%": "0"
                        },
                        "meta": {},
                        "tainted": false
                    },
                    "deposed": [],
                    "provider": "provider.azurerm"
                },
                "data.azurerm_subnet.subnet1": {
                    "type": "azurerm_subnet",
                    "depends_on": [],
                    "primary": {
                        "id": "/subscriptions/556a0c5a-db12-4235-9bfa-a81b7f67b4d9/resourceGroups/tp3/providers/Microsoft.Network/virtualNetworks/tp3-vnet/subnets/default",
                        "attributes": {
                            "address_prefix": "10.0.0.0/24",
                            "id": "/subscriptions/556a0c5a-db12-4235-9bfa-a81b7f67b4d9/resourceGroups/tp3/providers/Microsoft.Network/virtualNetworks/tp3-vnet/subnets/default",
                            "ip_configurations.#": "2",
                            "ip_configurations.1661976658": "/subscriptions/556a0c5a-db12-4235-9bfa-a81b7f67b4d9/resourceGroups/tp3/providers/Microsoft.Network/networkInterfaces/tp3860/ipConfigurations/ipconfig1",
                            "ip_configurations.2201942115": "/subscriptions/556a0c5a-db12-4235-9bfa-a81b7f67b4d9/resourceGroups/tp3/providers/Microsoft.Network/networkInterfaces/tp3-2349/ipConfigurations/ipconfig1",
                            "name": "default",
                            "network_security_group_id": "",
                            "resource_group_name": "tp3",
                            "route_table_id": "",
                            "service_endpoints.#": "0",
                            "virtual_network_name": "tp3-vnet"
                        },
                        "meta": {},
                        "tainted": false
                    },
                    "deposed": [],
                    "provider": "provider.azurerm"
                },
                "data.azurerm_virtual_network.main1": {
                    "type": "azurerm_virtual_network",
                    "depends_on": [],
                    "primary": {
                        "id": "/subscriptions/556a0c5a-db12-4235-9bfa-a81b7f67b4d9/resourceGroups/tp3/providers/Microsoft.Network/virtualNetworks/tp3-vnet",
                        "attributes": {
                            "address_spaces.#": "1",
                            "address_spaces.0": "10.0.0.0/24",
                            "id": "/subscriptions/556a0c5a-db12-4235-9bfa-a81b7f67b4d9/resourceGroups/tp3/providers/Microsoft.Network/virtualNetworks/tp3-vnet",
                            "name": "tp3-vnet",
                            "resource_group_name": "tp3",
                            "subnets.#": "1",
                            "subnets.0": "default",
                            "vnet_peerings.%": "0"
                        },
                        "meta": {},
                        "tainted": false
                    },
                    "deposed": [],
                    "provider": "provider.azurerm"
                }
            },
            "depends_on": []
        }
    ]
}
